
Microsoft Visual Studio Solution File, Format Version 12.00
# Visual Studio Version 17
VisualStudioVersion = 17.5.33627.172
MinimumVisualStudioVersion = 10.0.40219.1
Project("{FAE04EC0-301F-11D3-BF4B-00C04F79EFBC}") = "BlazorApp1.Server", "BlazorApp1\Server\BlazorApp1.Server.csproj", "{2B6F6E00-7F78-453E-806F-DFAE3368ABBD}"
EndProject
Project("{FAE04EC0-301F-11D3-BF4B-00C04F79EFBC}") = "BlazorApp1.Client", "BlazorApp1\Client\BlazorApp1.Client.csproj", "{549EDF67-A843-4C40-B658-7848B0C12C9F}"
EndProject
Project("{FAE04EC0-301F-11D3-BF4B-00C04F79EFBC}") = "BlazorApp1.Shared", "BlazorApp1\Shared\BlazorApp1.Shared.csproj", "{372B8710-90D1-4F67-8ACE-55EFB9E9D7F8}"
EndProject
Global
	GlobalSection(SolutionConfigurationPlatforms) = preSolution
		Debug|Any CPU = Debug|Any CPU
		Release|Any CPU = Release|Any CPU
	EndGlobalSection
	GlobalSection(ProjectConfigurationPlatforms) = postSolution
		{2B6F6E00-7F78-453E-806F-DFAE3368ABBD}.Debug|Any CPU.ActiveCfg = Debug|Any CPU
		{2B6F6E00-7F78-453E-806F-DFAE3368ABBD}.Debug|Any CPU.Build.0 = Debug|Any CPU
		{2B6F6E00-7F78-453E-806F-DFAE3368ABBD}.Release|Any CPU.ActiveCfg = Release|Any CPU
		{2B6F6E00-7F78-453E-806F-DFAE3368ABBD}.Release|Any CPU.Build.0 = Release|Any CPU
		{549EDF67-A843-4C40-B658-7848B0C12C9F}.Debug|Any CPU.ActiveCfg = Debug|Any CPU
		{549EDF67-A843-4C40-B658-7848B0C12C9F}.Debug|Any CPU.Build.0 = Debug|Any CPU
		{549EDF67-A843-4C40-B658-7848B0C12C9F}.Release|Any CPU.ActiveCfg = Release|Any CPU
		{549EDF67-A843-4C40-B658-7848B0C12C9F}.Release|Any CPU.Build.0 = Release|Any CPU
		{372B8710-90D1-4F67-8ACE-55EFB9E9D7F8}.Debug|Any CPU.ActiveCfg = Debug|Any CPU
		{372B8710-90D1-4F67-8ACE-55EFB9E9D7F8}.Debug|Any CPU.Build.0 = Debug|Any CPU
		{372B8710-90D1-4F67-8ACE-55EFB9E9D7F8}.Release|Any CPU.ActiveCfg = Release|Any CPU
		{372B8710-90D1-4F67-8ACE-55EFB9E9D7F8}.Release|Any CPU.Build.0 = Release|Any CPU
	EndGlobalSection
	GlobalSection(SolutionProperties) = preSolution
		HideSolutionNode = FALSE
	EndGlobalSection
	GlobalSection(ExtensibilityGlobals) = postSolution
		SolutionGuid = {814C42CE-1E42-4FEE-AB3E-FCA5CB4E928C}
	EndGlobalSection
EndGlobal
