
Microsoft Visual Studio Solution File, Format Version 12.00
# Visual Studio Version 17
VisualStudioVersion = 17.5.33627.172
MinimumVisualStudioVersion = 10.0.40219.1
Project("{FAE04EC0-301F-11D3-BF4B-00C04F79EFBC}") = "Testing", "Testing.csproj", "{9C92898E-D268-41A5-93E5-45E4403E042D}"
EndProject
Global
	GlobalSection(SolutionConfigurationPlatforms) = preSolution
		Debug|Any CPU = Debug|Any CPU
		Release|Any CPU = Release|Any CPU
	EndGlobalSection
	GlobalSection(ProjectConfigurationPlatforms) = postSolution
		{9C92898E-D268-41A5-93E5-45E4403E042D}.Debug|Any CPU.ActiveCfg = Debug|Any CPU
		{9C92898E-D268-41A5-93E5-45E4403E042D}.Debug|Any CPU.Build.0 = Debug|Any CPU
		{9C92898E-D268-41A5-93E5-45E4403E042D}.Release|Any CPU.ActiveCfg = Release|Any CPU
		{9C92898E-D268-41A5-93E5-45E4403E042D}.Release|Any CPU.Build.0 = Release|Any CPU
	EndGlobalSection
	GlobalSection(SolutionProperties) = preSolution
		HideSolutionNode = FALSE
	EndGlobalSection
	GlobalSection(ExtensibilityGlobals) = postSolution
		SolutionGuid = {CDF34B77-9E34-4018-B7BA-FE388A5658FE}
	EndGlobalSection
EndGlobal
